// !$*UTF8*$!
{
	archiveVersion = 1;
	classes = {
	};
	objectVersion = 56;
	objects = {

/* Begin PBXBuildFile section */
		1A510780293F7CAD0027BC88 /* AppDelegate.swift in Sources */ = {isa = PBXBuildFile; fileRef = 1A51077F293F7CAD0027BC88 /* AppDelegate.swift */; };
		1A510782293F7CAD0027BC88 /* SceneDelegate.swift in Sources */ = {isa = PBXBuildFile; fileRef = 1A510781293F7CAD0027BC88 /* SceneDelegate.swift */; };
		1A510784293F7CAD0027BC88 /* ViewController.swift in Sources */ = {isa = PBXBuildFile; fileRef = 1A510783293F7CAD0027BC88 /* ViewController.swift */; };
		1A510789293F7CAE0027BC88 /* Assets.xcassets in Resources */ = {isa = PBXBuildFile; fileRef = 1A510788293F7CAE0027BC88 /* Assets.xcassets */; };
		1A51078C293F7CAE0027BC88 /* LaunchScreen.storyboard in Resources */ = {isa = PBXBuildFile; fileRef = 1A51078A293F7CAE0027BC88 /* LaunchScreen.storyboard */; };
		1A5107A42940D07E0027BC88 /* MainContentView.swift in Sources */ = {isa = PBXBuildFile; fileRef = 1A5107A32940D07E0027BC88 /* MainContentView.swift */; };
		1A5107A62940D0890027BC88 /* Model.swift in Sources */ = {isa = PBXBuildFile; fileRef = 1A5107A52940D0890027BC88 /* Model.swift */; };
/* End PBXBuildFile section */

/* Begin PBXFileReference section */
		1A51077C293F7CAD0027BC88 /* PhotosOfPets.app */ = {isa = PBXFileReference; explicitFileType = wrapper.application; includeInIndex = 0; path = PhotosOfPets.app; sourceTree = BUILT_PRODUCTS_DIR; };
		1A51077F293F7CAD0027BC88 /* AppDelegate.swift */ = {isa = PBXFileReference; lastKnownFileType = sourcecode.swift; path = AppDelegate.swift; sourceTree = "<group>"; };
		1A510781293F7CAD0027BC88 /* SceneDelegate.swift */ = {isa = PBXFileReference; lastKnownFileType = sourcecode.swift; path = SceneDelegate.swift; sourceTree = "<group>"; };
		1A510783293F7CAD0027BC88 /* ViewController.swift */ = {isa = PBXFileReference; lastKnownFileType = sourcecode.swift; path = ViewController.swift; sourceTree = "<group>"; };
		1A510788293F7CAE0027BC88 /* Assets.xcassets */ = {isa = PBXFileReference; lastKnownFileType = folder.assetcatalog; path = Assets.xcassets; sourceTree = "<group>"; };
		1A51078B293F7CAE0027BC88 /* Base */ = {isa = PBXFileReference; lastKnownFileType = file.storyboard; name = Base; path = Base.lproj/LaunchScreen.storyboard; sourceTree = "<group>"; };
		1A51078D293F7CAE0027BC88 /* Info.plist */ = {isa = PBXFileReference; lastKnownFileType = text.plist.xml; path = Info.plist; sourceTree = "<group>"; };
		1A5107A32940D07E0027BC88 /* MainContentView.swift */ = {isa = PBXFileReference; lastKnownFileType = sourcecode.swift; path = MainContentView.swift; sourceTree = "<group>"; };
		1A5107A52940D0890027BC88 /* Model.swift */ = {isa = PBXFileReference; lastKnownFileType = sourcecode.swift; path = Model.swift; sourceTree = "<group>"; };
/* End PBXFileReference section */

/* Begin PBXFrameworksBuildPhase section */
		1A510779293F7CAD0027BC88 /* Frameworks */ = {
			isa = PBXFrameworksBuildPhase;
			buildActionMask = 2147483647;
			files = (
			);
			runOnlyForDeploymentPostprocessing = 0;
		};
/* End PBXFrameworksBuildPhase section */

/* Begin PBXGroup section */
		1A510773293F7CAD0027BC88 = {
			isa = PBXGroup;
			children = (
				1A51077E293F7CAD0027BC88 /* PhotosOfPets */,
				1A51077D293F7CAD0027BC88 /* Products */,
			);
			sourceTree = "<group>";
		};
		1A51077D293F7CAD0027BC88 /* Products */ = {
			isa = PBXGroup;
			children = (
				1A51077C293F7CAD0027BC88 /* PhotosOfPets.app */,
			);
			name = Products;
			sourceTree = "<group>";
		};
		1A51077E293F7CAD0027BC88 /* PhotosOfPets */ = {
			isa = PBXGroup;
			children = (
				1A51079B2940CD6E0027BC88 /* Model */,
				1A5107A22940D05A0027BC88 /* View */,
				1A51079A2940CD680027BC88 /* Controller */,
				1A510794293F7DA10027BC88 /* Resources */,
				1A510793293F7D4E0027BC88 /* SupportingFiles */,
			);
			path = PhotosOfPets;
			sourceTree = "<group>";
		};
		1A510793293F7D4E0027BC88 /* SupportingFiles */ = {
			isa = PBXGroup;
			children = (
				1A51077F293F7CAD0027BC88 /* AppDelegate.swift */,
				1A510781293F7CAD0027BC88 /* SceneDelegate.swift */,
				1A51078A293F7CAE0027BC88 /* LaunchScreen.storyboard */,
				1A51078D293F7CAE0027BC88 /* Info.plist */,
			);
			path = SupportingFiles;
			sourceTree = "<group>";
		};
		1A510794293F7DA10027BC88 /* Resources */ = {
			isa = PBXGroup;
			children = (
				1A510788293F7CAE0027BC88 /* Assets.xcassets */,
			);
			path = Resources;
			sourceTree = "<group>";
		};
		1A51079A2940CD680027BC88 /* Controller */ = {
			isa = PBXGroup;
			children = (
				1A510783293F7CAD0027BC88 /* ViewController.swift */,
			);
			path = Controller;
			sourceTree = "<group>";
		};
		1A51079B2940CD6E0027BC88 /* Model */ = {
			isa = PBXGroup;
			children = (
				1A5107A52940D0890027BC88 /* Model.swift */,
			);
			path = Model;
			sourceTree = "<group>";
		};
		1A5107A22940D05A0027BC88 /* View */ = {
			isa = PBXGroup;
			children = (
				1A5107A92940D4D30027BC88 /* CollectionView */,
				1A5107A82940D4C60027BC88 /* TableView */,
				1A5107A72940D4AD0027BC88 /* MainContentView */,
			);
			path = View;
			sourceTree = "<group>";
		};
		1A5107A72940D4AD0027BC88 /* MainContentView */ = {
			isa = PBXGroup;
			children = (
				1A5107A32940D07E0027BC88 /* MainContentView.swift */,
			);
			path = MainContentView;
			sourceTree = "<group>";
		};
		1A5107A82940D4C60027BC88 /* TableView */ = {
			isa = PBXGroup;
			children = (
			);
			path = TableView;
			sourceTree = "<group>";
		};
		1A5107A92940D4D30027BC88 /* CollectionView */ = {
			isa = PBXGroup;
			children = (
			);
			path = CollectionView;
			sourceTree = "<group>";
		};
/* End PBXGroup section */

/* Begin PBXNativeTarget section */
		1A51077B293F7CAD0027BC88 /* PhotosOfPets */ = {
			isa = PBXNativeTarget;
			buildConfigurationList = 1A510790293F7CAE0027BC88 /* Build configuration list for PBXNativeTarget "PhotosOfPets" */;
			buildPhases = (
				1A510778293F7CAD0027BC88 /* Sources */,
				1A510779293F7CAD0027BC88 /* Frameworks */,
				1A510795293F7E2C0027BC88 /* Swift Lint */,
				1A51077A293F7CAD0027BC88 /* Resources */,
			);
			buildRules = (
			);
			dependencies = (
			);
			name = PhotosOfPets;
			productName = PhotosOfPets;
			productReference = 1A51077C293F7CAD0027BC88 /* PhotosOfPets.app */;
			productType = "com.apple.product-type.application";
		};
/* End PBXNativeTarget section */

/* Begin PBXProject section */
		1A510774293F7CAD0027BC88 /* Project object */ = {
			isa = PBXProject;
			attributes = {
				BuildIndependentTargetsInParallel = 1;
				LastSwiftUpdateCheck = 1400;
				LastUpgradeCheck = 1400;
				TargetAttributes = {
					1A51077B293F7CAD0027BC88 = {
						CreatedOnToolsVersion = 14.0.1;
					};
				};
			};
			buildConfigurationList = 1A510777293F7CAD0027BC88 /* Build configuration list for PBXProject "PhotosOfPets" */;
			compatibilityVersion = "Xcode 14.0";
			developmentRegion = en;
			hasScannedForEncodings = 0;
			knownRegions = (
				en,
				Base,
			);
			mainGroup = 1A510773293F7CAD0027BC88;
			productRefGroup = 1A51077D293F7CAD0027BC88 /* Products */;
			projectDirPath = "";
			projectRoot = "";
			targets = (
				1A51077B293F7CAD0027BC88 /* PhotosOfPets */,
			);
		};
/* End PBXProject section */

/* Begin PBXResourcesBuildPhase section */
		1A51077A293F7CAD0027BC88 /* Resources */ = {
			isa = PBXResourcesBuildPhase;
			buildActionMask = 2147483647;
			files = (
				1A51078C293F7CAE0027BC88 /* LaunchScreen.storyboard in Resources */,
				1A510789293F7CAE0027BC88 /* Assets.xcassets in Resources */,
			);
			runOnlyForDeploymentPostprocessing = 0;
		};
/* End PBXResourcesBuildPhase section */

/* Begin PBXShellScriptBuildPhase section */
		1A510795293F7E2C0027BC88 /* Swift Lint */ = {
			isa = PBXShellScriptBuildPhase;
			alwaysOutOfDate = 1;
			buildActionMask = 2147483647;
			files = (
			);
			inputFileListPaths = (
			);
			inputPaths = (
			);
			name = "Swift Lint";
			outputFileListPaths = (
			);
			outputPaths = (
			);
			runOnlyForDeploymentPostprocessing = 0;
			shellPath = /bin/sh;
			shellScript = "if which swiftlint >/dev/null; then\n  swiftlint\nelse\n  echo \"error: SwiftLint does not exist, download it from https://github.com/realm/SwiftLint\"\n  exit 1\nfi\n";
		};
/* End PBXShellScriptBuildPhase section */

/* Begin PBXSourcesBuildPhase section */
		1A510778293F7CAD0027BC88 /* Sources */ = {
			isa = PBXSourcesBuildPhase;
			buildActionMask = 2147483647;
			files = (
				1A5107A62940D0890027BC88 /* Model.swift in Sources */,
				1A510784293F7CAD0027BC88 /* ViewController.swift in Sources */,
				1A510780293F7CAD0027BC88 /* AppDelegate.swift in Sources */,
				1A510782293F7CAD0027BC88 /* SceneDelegate.swift in Sources */,
				1A5107A42940D07E0027BC88 /* MainContentView.swift in Sources */,
			);
			runOnlyForDeploymentPostprocessing = 0;
		};
/* End PBXSourcesBuildPhase section */

/* Begin PBXVariantGroup section */
		1A51078A293F7CAE0027BC88 /* LaunchScreen.storyboard */ = {
			isa = PBXVariantGroup;
			children = (
				1A51078B293F7CAE0027BC88 /* Base */,
			);
			name = LaunchScreen.storyboard;
			sourceTree = "<group>";
		};
/* End PBXVariantGroup section */

/* Begin XCBuildConfiguration section */
		1A51078E293F7CAE0027BC88 /* Debug */ = {
			isa = XCBuildConfiguration;
			buildSettings = {
				ALWAYS_SEARCH_USER_PATHS = NO;
				CLANG_ANALYZER_NONNULL = YES;
				CLANG_ANALYZER_NUMBER_OBJECT_CONVERSION = YES_AGGRESSIVE;
				CLANG_CXX_LANGUAGE_STANDARD = "gnu++20";
				CLANG_ENABLE_MODULES = YES;
				CLANG_ENABLE_OBJC_ARC = YES;
				CLANG_ENABLE_OBJC_WEAK = YES;
				CLANG_WARN_BLOCK_CAPTURE_AUTORELEASING = YES;
				CLANG_WARN_BOOL_CONVERSION = YES;
				CLANG_WARN_COMMA = YES;
				CLANG_WARN_CONSTANT_CONVERSION = YES;
				CLANG_WARN_DEPRECATED_OBJC_IMPLEMENTATIONS = YES;
				CLANG_WARN_DIRECT_OBJC_ISA_USAGE = YES_ERROR;
				CLANG_WARN_DOCUMENTATION_COMMENTS = YES;
				CLANG_WARN_EMPTY_BODY = YES;
				CLANG_WARN_ENUM_CONVERSION = YES;
				CLANG_WARN_INFINITE_RECURSION = YES;
				CLANG_WARN_INT_CONVERSION = YES;
				CLANG_WARN_NON_LITERAL_NULL_CONVERSION = YES;
				CLANG_WARN_OBJC_IMPLICIT_RETAIN_SELF = YES;
				CLANG_WARN_OBJC_LITERAL_CONVERSION = YES;
				CLANG_WARN_OBJC_ROOT_CLASS = YES_ERROR;
				CLANG_WARN_QUOTED_INCLUDE_IN_FRAMEWORK_HEADER = YES;
				CLANG_WARN_RANGE_LOOP_ANALYSIS = YES;
				CLANG_WARN_STRICT_PROTOTYPES = YES;
				CLANG_WARN_SUSPICIOUS_MOVE = YES;
				CLANG_WARN_UNGUARDED_AVAILABILITY = YES_AGGRESSIVE;
				CLANG_WARN_UNREACHABLE_CODE = YES;
				CLANG_WARN__DUPLICATE_METHOD_MATCH = YES;
				COPY_PHASE_STRIP = NO;
				DEBUG_INFORMATION_FORMAT = dwarf;
				ENABLE_STRICT_OBJC_MSGSEND = YES;
				ENABLE_TESTABILITY = YES;
				GCC_C_LANGUAGE_STANDARD = gnu11;
				GCC_DYNAMIC_NO_PIC = NO;
				GCC_NO_COMMON_BLOCKS = YES;
				GCC_OPTIMIZATION_LEVEL = 0;
				GCC_PREPROCESSOR_DEFINITIONS = (
					"DEBUG=1",
					"$(inherited)",
				);
				GCC_WARN_64_TO_32_BIT_CONVERSION = YES;
				GCC_WARN_ABOUT_RETURN_TYPE = YES_ERROR;
				GCC_WARN_UNDECLARED_SELECTOR = YES;
				GCC_WARN_UNINITIALIZED_AUTOS = YES_AGGRESSIVE;
				GCC_WARN_UNUSED_FUNCTION = YES;
				GCC_WARN_UNUSED_VARIABLE = YES;
				IPHONEOS_DEPLOYMENT_TARGET = 16.0;
				MTL_ENABLE_DEBUG_INFO = INCLUDE_SOURCE;
				MTL_FAST_MATH = YES;
				ONLY_ACTIVE_ARCH = YES;
				SDKROOT = iphoneos;
				SWIFT_ACTIVE_COMPILATION_CONDITIONS = DEBUG;
				SWIFT_OPTIMIZATION_LEVEL = "-Onone";
			};
			name = Debug;
		};
		1A51078F293F7CAE0027BC88 /* Release */ = {
			isa = XCBuildConfiguration;
			buildSettings = {
				ALWAYS_SEARCH_USER_PATHS = NO;
				CLANG_ANALYZER_NONNULL = YES;
				CLANG_ANALYZER_NUMBER_OBJECT_CONVERSION = YES_AGGRESSIVE;
				CLANG_CXX_LANGUAGE_STANDARD = "gnu++20";
				CLANG_ENABLE_MODULES = YES;
				CLANG_ENABLE_OBJC_ARC = YES;
				CLANG_ENABLE_OBJC_WEAK = YES;
				CLANG_WARN_BLOCK_CAPTURE_AUTORELEASING = YES;
				CLANG_WARN_BOOL_CONVERSION = YES;
				CLANG_WARN_COMMA = YES;
				CLANG_WARN_CONSTANT_CONVERSION = YES;
				CLANG_WARN_DEPRECATED_OBJC_IMPLEMENTATIONS = YES;
				CLANG_WARN_DIRECT_OBJC_ISA_USAGE = YES_ERROR;
				CLANG_WARN_DOCUMENTATION_COMMENTS = YES;
				CLANG_WARN_EMPTY_BODY = YES;
				CLANG_WARN_ENUM_CONVERSION = YES;
				CLANG_WARN_INFINITE_RECURSION = YES;
				CLANG_WARN_INT_CONVERSION = YES;
				CLANG_WARN_NON_LITERAL_NULL_CONVERSION = YES;
				CLANG_WARN_OBJC_IMPLICIT_RETAIN_SELF = YES;
				CLANG_WARN_OBJC_LITERAL_CONVERSION = YES;
				CLANG_WARN_OBJC_ROOT_CLASS = YES_ERROR;
				CLANG_WARN_QUOTED_INCLUDE_IN_FRAMEWORK_HEADER = YES;
				CLANG_WARN_RANGE_LOOP_ANALYSIS = YES;
				CLANG_WARN_STRICT_PROTOTYPES = YES;
				CLANG_WARN_SUSPICIOUS_MOVE = YES;
				CLANG_WARN_UNGUARDED_AVAILABILITY = YES_AGGRESSIVE;
				CLANG_WARN_UNREACHABLE_CODE = YES;
				CLANG_WARN__DUPLICATE_METHOD_MATCH = YES;
				COPY_PHASE_STRIP = NO;
				DEBUG_INFORMATION_FORMAT = "dwarf-with-dsym";
				ENABLE_NS_ASSERTIONS = NO;
				ENABLE_STRICT_OBJC_MSGSEND = YES;
				GCC_C_LANGUAGE_STANDARD = gnu11;
				GCC_NO_COMMON_BLOCKS = YES;
				GCC_WARN_64_TO_32_BIT_CONVERSION = YES;
				GCC_WARN_ABOUT_RETURN_TYPE = YES_ERROR;
				GCC_WARN_UNDECLARED_SELECTOR = YES;
				GCC_WARN_UNINITIALIZED_AUTOS = YES_AGGRESSIVE;
				GCC_WARN_UNUSED_FUNCTION = YES;
				GCC_WARN_UNUSED_VARIABLE = YES;
				IPHONEOS_DEPLOYMENT_TARGET = 16.0;
				MTL_ENABLE_DEBUG_INFO = NO;
				MTL_FAST_MATH = YES;
				SDKROOT = iphoneos;
				SWIFT_COMPILATION_MODE = wholemodule;
				SWIFT_OPTIMIZATION_LEVEL = "-O";
				VALIDATE_PRODUCT = YES;
			};
			name = Release;
		};
		1A510791293F7CAE0027BC88 /* Debug */ = {
			isa = XCBuildConfiguration;
			buildSettings = {
				ASSETCATALOG_COMPILER_APPICON_NAME = AppIcon;
				ASSETCATALOG_COMPILER_GLOBAL_ACCENT_COLOR_NAME = AccentColor;
				CODE_SIGN_STYLE = Automatic;
				CURRENT_PROJECT_VERSION = 1;
				DEVELOPMENT_TEAM = 2TFP9B86SX;
				GENERATE_INFOPLIST_FILE = YES;
				INFOPLIST_FILE = PhotosOfPets/SupportingFiles/Info.plist;
				INFOPLIST_KEY_UIApplicationSupportsIndirectInputEvents = YES;
				INFOPLIST_KEY_UILaunchStoryboardName = LaunchScreen;
				INFOPLIST_KEY_UISupportedInterfaceOrientations_iPad = "UIInterfaceOrientationPortrait UIInterfaceOrientationPortraitUpsideDown UIInterfaceOrientationLandscapeLeft UIInterfaceOrientationLandscapeRight";
				INFOPLIST_KEY_UISupportedInterfaceOrientations_iPhone = "UIInterfaceOrientationPortrait UIInterfaceOrientationLandscapeLeft UIInterfaceOrientationLandscapeRight";
				LD_RUNPATH_SEARCH_PATHS = (
					"$(inherited)",
					"@executable_path/Frameworks",
				);
				MARKETING_VERSION = 1.0;
				PRODUCT_BUNDLE_IDENTIFIER = Inan.PhotosOfPets;
				PRODUCT_NAME = "$(TARGET_NAME)";
				SWIFT_EMIT_LOC_STRINGS = YES;
				SWIFT_VERSION = 5.0;
				TARGETED_DEVICE_FAMILY = "1,2";
			};
			name = Debug;
		};
		1A510792293F7CAE0027BC88 /* Release */ = {
			isa = XCBuildConfiguration;
			buildSettings = {
				ASSETCATALOG_COMPILER_APPICON_NAME = AppIcon;
				ASSETCATALOG_COMPILER_GLOBAL_ACCENT_COLOR_NAME = AccentColor;
				CODE_SIGN_STYLE = Automatic;
				CURRENT_PROJECT_VERSION = 1;
				DEVELOPMENT_TEAM = 2TFP9B86SX;
				GENERATE_INFOPLIST_FILE = YES;
				INFOPLIST_FILE = PhotosOfPets/SupportingFiles/Info.plist;
				INFOPLIST_KEY_UIApplicationSupportsIndirectInputEvents = YES;
				INFOPLIST_KEY_UILaunchStoryboardName = LaunchScreen;
				INFOPLIST_KEY_UISupportedInterfaceOrientations_iPad = "UIInterfaceOrientationPortrait UIInterfaceOrientationPortraitUpsideDown UIInterfaceOrientationLandscapeLeft UIInterfaceOrientationLandscapeRight";
				INFOPLIST_KEY_UISupportedInterfaceOrientations_iPhone = "UIInterfaceOrientationPortrait UIInterfaceOrientationLandscapeLeft UIInterfaceOrientationLandscapeRight";
				LD_RUNPATH_SEARCH_PATHS = (
					"$(inherited)",
					"@executable_path/Frameworks",
				);
				MARKETING_VERSION = 1.0;
				PRODUCT_BUNDLE_IDENTIFIER = Inan.PhotosOfPets;
				PRODUCT_NAME = "$(TARGET_NAME)";
				SWIFT_EMIT_LOC_STRINGS = YES;
				SWIFT_VERSION = 5.0;
				TARGETED_DEVICE_FAMILY = "1,2";
			};
			name = Release;
		};
/* End XCBuildConfiguration section */

/* Begin XCConfigurationList section */
		1A510777293F7CAD0027BC88 /* Build configuration list for PBXProject "PhotosOfPets" */ = {
			isa = XCConfigurationList;
			buildConfigurations = (
				1A51078E293F7CAE0027BC88 /* Debug */,
				1A51078F293F7CAE0027BC88 /* Release */,
			);
			defaultConfigurationIsVisible = 0;
			defaultConfigurationName = Release;
		};
		1A510790293F7CAE0027BC88 /* Build configuration list for PBXNativeTarget "PhotosOfPets" */ = {
			isa = XCConfigurationList;
			buildConfigurations = (
				1A510791293F7CAE0027BC88 /* Debug */,
				1A510792293F7CAE0027BC88 /* Release */,
			);
			defaultConfigurationIsVisible = 0;
			defaultConfigurationName = Release;
		};
/* End XCConfigurationList section */
	};
	rootObject = 1A510774293F7CAD0027BC88 /* Project object */;
}
